
Microsoft Visual Studio Solution File, Format Version 12.00
# Visual Studio 15
VisualStudioVersion = 15.0.28010.2046
MinimumVisualStudioVersion = 10.0.40219.1
Project("{9A19103F-16F7-4668-BE54-9A1E7A4F7556}") = "api", "api\api.csproj", "{DC77A36D-1807-47F8-970F-24B278C193AF}"
EndProject
Project("{FAE04EC0-301F-11D3-BF4B-00C04F79EFBC}") = "ApiUnitTest", "ApiUnitTest\ApiUnitTest.csproj", "{DC70F654-B0DB-4A52-89AF-D2AFB388CDEF}"
EndProject
Global
	GlobalSection(SolutionConfigurationPlatforms) = preSolution
		Debug|Any CPU = Debug|Any CPU
		Release|Any CPU = Release|Any CPU
	EndGlobalSection
	GlobalSection(ProjectConfigurationPlatforms) = postSolution
		{DC77A36D-1807-47F8-970F-24B278C193AF}.Debug|Any CPU.ActiveCfg = Debug|Any CPU
		{DC77A36D-1807-47F8-970F-24B278C193AF}.Debug|Any CPU.Build.0 = Debug|Any CPU
		{DC77A36D-1807-47F8-970F-24B278C193AF}.Release|Any CPU.ActiveCfg = Release|Any CPU
		{DC77A36D-1807-47F8-970F-24B278C193AF}.Release|Any CPU.Build.0 = Release|Any CPU
		{DC70F654-B0DB-4A52-89AF-D2AFB388CDEF}.Debug|Any CPU.ActiveCfg = Debug|Any CPU
		{DC70F654-B0DB-4A52-89AF-D2AFB388CDEF}.Debug|Any CPU.Build.0 = Debug|Any CPU
		{DC70F654-B0DB-4A52-89AF-D2AFB388CDEF}.Release|Any CPU.ActiveCfg = Release|Any CPU
		{DC70F654-B0DB-4A52-89AF-D2AFB388CDEF}.Release|Any CPU.Build.0 = Release|Any CPU
	EndGlobalSection
	GlobalSection(SolutionProperties) = preSolution
		HideSolutionNode = FALSE
	EndGlobalSection
	GlobalSection(ExtensibilityGlobals) = postSolution
		SolutionGuid = {68310727-B27B-4770-8638-DF05E4B63775}
	EndGlobalSection
EndGlobal
